
Microsoft Visual Studio Solution File, Format Version 12.00
# Visual Studio Version 17
VisualStudioVersion = 17.3.32825.248
MinimumVisualStudioVersion = 10.0.40219.1
Project("{FAE04EC0-301F-11D3-BF4B-00C04F79EFBC}") = "WebStar_", "WebStar_.csproj", "{A178ABC5-4C2F-4911-9B46-17EE034CBF79}"
EndProject
Global
	GlobalSection(SolutionConfigurationPlatforms) = preSolution
		Debug|Any CPU = Debug|Any CPU
		Release|Any CPU = Release|Any CPU
	EndGlobalSection
	GlobalSection(ProjectConfigurationPlatforms) = postSolution
		{A178ABC5-4C2F-4911-9B46-17EE034CBF79}.Debug|Any CPU.ActiveCfg = Debug|Any CPU
		{A178ABC5-4C2F-4911-9B46-17EE034CBF79}.Debug|Any CPU.Build.0 = Debug|Any CPU
		{A178ABC5-4C2F-4911-9B46-17EE034CBF79}.Release|Any CPU.ActiveCfg = Release|Any CPU
		{A178ABC5-4C2F-4911-9B46-17EE034CBF79}.Release|Any CPU.Build.0 = Release|Any CPU
	EndGlobalSection
	GlobalSection(SolutionProperties) = preSolution
		HideSolutionNode = FALSE
	EndGlobalSection
	GlobalSection(ExtensibilityGlobals) = postSolution
		SolutionGuid = {33664741-79F1-4365-946A-1381E07168E5}
	EndGlobalSection
EndGlobal
